
Microsoft Visual Studio Solution File, Format Version 12.00
# Visual Studio Version 17
VisualStudioVersion = 17.2.32630.192
MinimumVisualStudioVersion = 10.0.40219.1
Project("{FAE04EC0-301F-11D3-BF4B-00C04F79EFBC}") = "LitShelf", "LitShelf\LitShelf.csproj", "{4F368324-802A-44A1-80E6-DF11F39C4268}"
EndProject
Global
	GlobalSection(SolutionConfigurationPlatforms) = preSolution
		Debug|Any CPU = Debug|Any CPU
		Release|Any CPU = Release|Any CPU
	EndGlobalSection
	GlobalSection(ProjectConfigurationPlatforms) = postSolution
		{4F368324-802A-44A1-80E6-DF11F39C4268}.Debug|Any CPU.ActiveCfg = Debug|Any CPU
		{4F368324-802A-44A1-80E6-DF11F39C4268}.Debug|Any CPU.Build.0 = Debug|Any CPU
		{4F368324-802A-44A1-80E6-DF11F39C4268}.Release|Any CPU.ActiveCfg = Release|Any CPU
		{4F368324-802A-44A1-80E6-DF11F39C4268}.Release|Any CPU.Build.0 = Release|Any CPU
	EndGlobalSection
	GlobalSection(SolutionProperties) = preSolution
		HideSolutionNode = FALSE
	EndGlobalSection
	GlobalSection(ExtensibilityGlobals) = postSolution
		SolutionGuid = {57D3384E-03A6-4910-AD0B-E889554DBDBF}
	EndGlobalSection
EndGlobal
